
Microsoft Visual Studio Solution File, Format Version 12.00
# Visual Studio 14
VisualStudioVersion = 14.0.25420.1
MinimumVisualStudioVersion = 10.0.40219.1
Project("{2150E333-8FDC-42A3-9474-1A3956D46DE8}") = "src", "src", "{F5264C9C-5745-44B6-8DBA-97A35146AEA3}"
EndProject
Project("{2150E333-8FDC-42A3-9474-1A3956D46DE8}") = "Solution Items", "Solution Items", "{9E88C7A2-7DC2-4120-96D7-6F1054EF5721}"
	ProjectSection(SolutionItems) = preProject
		global.json = global.json
	EndProjectSection
EndProject
Project("{8BB2217D-0F2D-49D1-97BC-3654ED321F3B}") = "AngularCore", "src\AngularCore\AngularCore.xproj", "{ACEB48D9-E741-48FA-BF6C-DBAA9A7927EC}"
EndProject
Global
	GlobalSection(SolutionConfigurationPlatforms) = preSolution
		Debug|Any CPU = Debug|Any CPU
		Release|Any CPU = Release|Any CPU
	EndGlobalSection
	GlobalSection(ProjectConfigurationPlatforms) = postSolution
		{ACEB48D9-E741-48FA-BF6C-DBAA9A7927EC}.Debug|Any CPU.ActiveCfg = Debug|Any CPU
		{ACEB48D9-E741-48FA-BF6C-DBAA9A7927EC}.Debug|Any CPU.Build.0 = Debug|Any CPU
		{ACEB48D9-E741-48FA-BF6C-DBAA9A7927EC}.Release|Any CPU.ActiveCfg = Release|Any CPU
		{ACEB48D9-E741-48FA-BF6C-DBAA9A7927EC}.Release|Any CPU.Build.0 = Release|Any CPU
	EndGlobalSection
	GlobalSection(SolutionProperties) = preSolution
		HideSolutionNode = FALSE
	EndGlobalSection
	GlobalSection(NestedProjects) = preSolution
		{ACEB48D9-E741-48FA-BF6C-DBAA9A7927EC} = {F5264C9C-5745-44B6-8DBA-97A35146AEA3}
	EndGlobalSection
EndGlobal
